
Microsoft Visual Studio Solution File, Format Version 12.00
# Visual Studio Version 17
VisualStudioVersion = 17.0.31825.309
MinimumVisualStudioVersion = 10.0.40219.1
Project("{FAE04EC0-301F-11D3-BF4B-00C04F79EFBC}") = "Estoque_2Semestre", "Estoque_2Semestre\Estoque_2Semestre.csproj", "{D4735BB3-7E4D-4525-8F5E-9D5B7270102D}"
EndProject
Global
	GlobalSection(SolutionConfigurationPlatforms) = preSolution
		Debug|Any CPU = Debug|Any CPU
		Release|Any CPU = Release|Any CPU
	EndGlobalSection
	GlobalSection(ProjectConfigurationPlatforms) = postSolution
		{D4735BB3-7E4D-4525-8F5E-9D5B7270102D}.Debug|Any CPU.ActiveCfg = Debug|Any CPU
		{D4735BB3-7E4D-4525-8F5E-9D5B7270102D}.Debug|Any CPU.Build.0 = Debug|Any CPU
		{D4735BB3-7E4D-4525-8F5E-9D5B7270102D}.Release|Any CPU.ActiveCfg = Release|Any CPU
		{D4735BB3-7E4D-4525-8F5E-9D5B7270102D}.Release|Any CPU.Build.0 = Release|Any CPU
	EndGlobalSection
	GlobalSection(SolutionProperties) = preSolution
		HideSolutionNode = FALSE
	EndGlobalSection
	GlobalSection(ExtensibilityGlobals) = postSolution
		SolutionGuid = {0C70D47B-6B01-4602-82F7-3D784659D023}
	EndGlobalSection
EndGlobal
